
Microsoft Visual Studio Solution File, Format Version 12.00
Project("{2150E333-8FDC-42A3-9474-1A3956D46DE8}") = "Services", "Services", "{6EA1A5D4-A882-49F6-A9CB-36277CF26AB3}"
EndProject
Project("{2150E333-8FDC-42A3-9474-1A3956D46DE8}") = "Catalog", "Catalog", "{6567369D-0001-4847-BE79-7229F4FB3FCD}"
EndProject
Project("{FAE04EC0-301F-11D3-BF4B-00C04F79EFBC}") = "Catalog.API", "Services\Catalog\Catalog.API\Catalog.API.csproj", "{E08D9B10-EC6B-4D82-97BF-6D27DB5783BD}"
EndProject
Project("{2150E333-8FDC-42A3-9474-1A3956D46DE8}") = "Solution Items", "Solution Items", "{5A864B94-1F90-4BE9-99FD-735CD4BA13B3}"
	ProjectSection(SolutionItems) = preProject
		docker-compose.yml = docker-compose.yml
	EndProjectSection
EndProject
Project("{2150E333-8FDC-42A3-9474-1A3956D46DE8}") = "BuildingBlocks", "BuildingBlocks", "{35F09E3E-DA66-486E-B31F-7D5C6CF6A516}"
EndProject
Project("{FAE04EC0-301F-11D3-BF4B-00C04F79EFBC}") = "BuildingBlocks", "BuildingBlocks\BuildingBlocks\BuildingBlocks.csproj", "{2304B812-7D66-482D-8734-EF252D174AEF}"
EndProject
Project("{2150E333-8FDC-42A3-9474-1A3956D46DE8}") = "Basket", "Basket", "{8E7BAF72-70CB-494D-BB11-96F4EEA833BE}"
EndProject
Project("{FAE04EC0-301F-11D3-BF4B-00C04F79EFBC}") = "Basket.API", "Services\Basket\Basket.API\Basket.API.csproj", "{8C82E685-F0D5-458D-B36A-293D835579BB}"
EndProject
Project("{2150E333-8FDC-42A3-9474-1A3956D46DE8}") = "Discount", "Discount", "{EDBDE0C4-F4E4-42D3-8DA6-FC5357C052D3}"
EndProject
Project("{FAE04EC0-301F-11D3-BF4B-00C04F79EFBC}") = "Discount.grpc", "Services\Discount\Discount.grpc\Discount.grpc.csproj", "{7582681D-B408-4D06-A7EC-A308DE8EF50A}"
EndProject
Global
	GlobalSection(SolutionConfigurationPlatforms) = preSolution
		Debug|Any CPU = Debug|Any CPU
		Release|Any CPU = Release|Any CPU
	EndGlobalSection
	GlobalSection(NestedProjects) = preSolution
		{6567369D-0001-4847-BE79-7229F4FB3FCD} = {6EA1A5D4-A882-49F6-A9CB-36277CF26AB3}
		{E08D9B10-EC6B-4D82-97BF-6D27DB5783BD} = {6567369D-0001-4847-BE79-7229F4FB3FCD}
		{35F09E3E-DA66-486E-B31F-7D5C6CF6A516} = {6EA1A5D4-A882-49F6-A9CB-36277CF26AB3}
		{2304B812-7D66-482D-8734-EF252D174AEF} = {35F09E3E-DA66-486E-B31F-7D5C6CF6A516}
		{8E7BAF72-70CB-494D-BB11-96F4EEA833BE} = {6EA1A5D4-A882-49F6-A9CB-36277CF26AB3}
		{8C82E685-F0D5-458D-B36A-293D835579BB} = {8E7BAF72-70CB-494D-BB11-96F4EEA833BE}
		{EDBDE0C4-F4E4-42D3-8DA6-FC5357C052D3} = {6EA1A5D4-A882-49F6-A9CB-36277CF26AB3}
		{7582681D-B408-4D06-A7EC-A308DE8EF50A} = {EDBDE0C4-F4E4-42D3-8DA6-FC5357C052D3}
	EndGlobalSection
	GlobalSection(ProjectConfigurationPlatforms) = postSolution
		{E08D9B10-EC6B-4D82-97BF-6D27DB5783BD}.Debug|Any CPU.ActiveCfg = Debug|Any CPU
		{E08D9B10-EC6B-4D82-97BF-6D27DB5783BD}.Debug|Any CPU.Build.0 = Debug|Any CPU
		{E08D9B10-EC6B-4D82-97BF-6D27DB5783BD}.Release|Any CPU.ActiveCfg = Release|Any CPU
		{E08D9B10-EC6B-4D82-97BF-6D27DB5783BD}.Release|Any CPU.Build.0 = Release|Any CPU
		{2304B812-7D66-482D-8734-EF252D174AEF}.Debug|Any CPU.ActiveCfg = Debug|Any CPU
		{2304B812-7D66-482D-8734-EF252D174AEF}.Debug|Any CPU.Build.0 = Debug|Any CPU
		{2304B812-7D66-482D-8734-EF252D174AEF}.Release|Any CPU.ActiveCfg = Release|Any CPU
		{2304B812-7D66-482D-8734-EF252D174AEF}.Release|Any CPU.Build.0 = Release|Any CPU
		{8C82E685-F0D5-458D-B36A-293D835579BB}.Debug|Any CPU.ActiveCfg = Debug|Any CPU
		{8C82E685-F0D5-458D-B36A-293D835579BB}.Debug|Any CPU.Build.0 = Debug|Any CPU
		{8C82E685-F0D5-458D-B36A-293D835579BB}.Release|Any CPU.ActiveCfg = Release|Any CPU
		{8C82E685-F0D5-458D-B36A-293D835579BB}.Release|Any CPU.Build.0 = Release|Any CPU
		{7582681D-B408-4D06-A7EC-A308DE8EF50A}.Debug|Any CPU.ActiveCfg = Debug|Any CPU
		{7582681D-B408-4D06-A7EC-A308DE8EF50A}.Debug|Any CPU.Build.0 = Debug|Any CPU
		{7582681D-B408-4D06-A7EC-A308DE8EF50A}.Release|Any CPU.ActiveCfg = Release|Any CPU
		{7582681D-B408-4D06-A7EC-A308DE8EF50A}.Release|Any CPU.Build.0 = Release|Any CPU
	EndGlobalSection
EndGlobal
